{
  "name": "sql-compiler",
  "version": "1.0.0",
  "lockfileVersion": 3,
  "requires": true,
  "packages": {
    "": {
      "name": "sql-compiler",
      "version": "1.0.0",
      "license": "ISC",
      "dependencies": {
        "lucide-react": "^0.555.0",
        "vscode-tree-sitter": "^0.1.24"
      }
    },
    "node_modules/jsonc-parser": {
      "version": "2.3.1",
      "resolved": "https://registry.npmjs.org/jsonc-parser/-/jsonc-parser-2.3.1.tgz",
      "integrity": "sha512-H8jvkz1O50L3dMZCsLqiuB2tA7muqbSg1AtGEkN0leAqGjsUzDJir3Zwr02BhqdcITPg3ei3mZ+HjMocAknhhg==",
      "license": "MIT"
    },
    "node_modules/lucide-react": {
      "version": "0.555.0",
      "resolved": "https://registry.npmjs.org/lucide-react/-/lucide-react-0.555.0.tgz",
      "integrity": "sha512-D8FvHUGbxWBRQM90NZeIyhAvkFfsh3u9ekrMvJ30Z6gnpBHS6HC6ldLg7tL45hwiIz/u66eKDtdA23gwwGsAHA==",
      "license": "ISC",
      "peerDependencies": {
        "react": "^16.5.1 || ^17.0.0 || ^18.0.0 || ^19.0.0"
      }
    },
    "node_modules/react": {
      "version": "19.2.1",
      "resolved": "https://registry.npmjs.org/react/-/react-19.2.1.tgz",
      "integrity": "sha512-DGrYcCWK7tvYMnWh79yrPHt+vdx9tY+1gPZa7nJQtO/p8bLTDaHp4dzwEhQB7pZ4Xe3ok4XKuEPrVuc+wlpkmw==",
      "license": "MIT",
      "peer": true,
      "engines": {
        "node": ">=0.10.0"
      }
    },
    "node_modules/vscode-tree-sitter": {
      "version": "0.1.24",
      "resolved": "https://registry.npmjs.org/vscode-tree-sitter/-/vscode-tree-sitter-0.1.24.tgz",
      "integrity": "sha512-Q7742RUd02FTdhCZAlUUXcjIS3wm4Oiszc6hJKeuYwJbkMHi0+KwApuTYD/UktFSw0Djbb8SAgxfC8+qyDMH0A==",
      "license": "MIT",
      "dependencies": {
        "jsonc-parser": "^2.1.0",
        "web-tree-sitter": "^0.15.5"
      },
      "engines": {
        "vscode": "^1.34.0"
      }
    },
    "node_modules/web-tree-sitter": {
      "version": "0.15.11",
      "resolved": "https://registry.npmjs.org/web-tree-sitter/-/web-tree-sitter-0.15.11.tgz",
      "integrity": "sha512-7Sr26MV8bPPvKU+4VMpOoLYwaAFBsCsxRGtxYPSxClWIaR2KIciqg6zUeG14W9QrdlpBt7VHHzhd1CBb0e6i8w==",
      "license": "MIT"
    }
  }
}
